
Microsoft Visual Studio Solution File, Format Version 12.00
# Visual Studio Version 17
VisualStudioVersion = 17.4.33205.214
MinimumVisualStudioVersion = 10.0.40219.1
Project("{FAE04EC0-301F-11D3-BF4B-00C04F79EFBC}") = "Project_Assignment_Submission", "Project_Assignment_Submission\Project_Assignment_Submission.csproj", "{F6996639-23D4-40C1-9672-F44278D09B0F}"
EndProject
Global
	GlobalSection(SolutionConfigurationPlatforms) = preSolution
		Debug|Any CPU = Debug|Any CPU
		Release|Any CPU = Release|Any CPU
	EndGlobalSection
	GlobalSection(ProjectConfigurationPlatforms) = postSolution
		{F6996639-23D4-40C1-9672-F44278D09B0F}.Debug|Any CPU.ActiveCfg = Debug|Any CPU
		{F6996639-23D4-40C1-9672-F44278D09B0F}.Debug|Any CPU.Build.0 = Debug|Any CPU
		{F6996639-23D4-40C1-9672-F44278D09B0F}.Release|Any CPU.ActiveCfg = Release|Any CPU
		{F6996639-23D4-40C1-9672-F44278D09B0F}.Release|Any CPU.Build.0 = Release|Any CPU
	EndGlobalSection
	GlobalSection(SolutionProperties) = preSolution
		HideSolutionNode = FALSE
	EndGlobalSection
	GlobalSection(ExtensibilityGlobals) = postSolution
		SolutionGuid = {D2D6D0B8-2E73-4B74-B69B-4946F1AE4757}
	EndGlobalSection
EndGlobal
